{
  "version": 4,
  "terraform_version": "1.1.7",
  "serial": 22,
  "lineage": "88aa096d-1c54-2974-706f-60944207941e",
  "outputs": {},
  "resources": [
    {
      "mode": "managed",
      "type": "azurerm_app_service",
      "name": "tf-appService",
      "provider": "provider[\"registry.terraform.io/hashicorp/azurerm\"]",
      "instances": [
        {
          "schema_version": 0,
          "attributes": {
            "app_service_plan_id": "/subscriptions/748eb2de-6ec3-4af2-b4d0-ec909d1934e9/resourceGroups/my_tf_rg/providers/Microsoft.Web/serverfarms/my_tf_appServicePlan",
            "app_settings": {
              "WEBSITE_NODE_DEFAULT_VERSION": "6.9.1"
            },
            "auth_settings": [
              {
                "active_directory": [],
                "additional_login_params": {},
                "allowed_external_redirect_urls": [],
                "default_provider": "",
                "enabled": false,
                "facebook": [],
                "google": [],
                "issuer": "",
                "microsoft": [],
                "runtime_version": "",
                "token_refresh_extension_hours": 0,
                "token_store_enabled": false,
                "twitter": [],
                "unauthenticated_client_action": ""
              }
            ],
            "backup": [],
            "client_affinity_enabled": false,
            "client_cert_enabled": false,
            "client_cert_mode": "Required",
            "connection_string": [],
            "custom_domain_verification_id": "9143B7EBD6E93513FB4E57D3A4A0DA08BD8579A46DC64493B263F9AB8A5A2CBE",
            "default_site_hostname": "my-tf-appservice.azurewebsites.net",
            "enabled": true,
            "https_only": false,
            "id": "/subscriptions/748eb2de-6ec3-4af2-b4d0-ec909d1934e9/resourceGroups/my_tf_rg/providers/Microsoft.Web/sites/my-tf-appservice",
            "identity": [],
            "key_vault_reference_identity_id": "SystemAssigned",
            "location": "centralindia",
            "logs": [
              {
                "application_logs": [
                  {
                    "azure_blob_storage": [],
                    "file_system_level": "Off"
                  }
                ],
                "detailed_error_messages_enabled": false,
                "failed_request_tracing_enabled": false,
                "http_logs": [
                  {
                    "azure_blob_storage": [],
                    "file_system": []
                  }
                ]
              }
            ],
            "name": "my-tf-appservice",
            "outbound_ip_address_list": [
              "20.193.231.232",
              "20.193.229.74",
              "20.198.103.253",
              "20.193.228.0",
              "52.172.239.170",
              "40.80.95.131",
              "20.192.98.162"
            ],
            "outbound_ip_addresses": "20.193.231.232,20.193.229.74,20.198.103.253,20.193.228.0,52.172.239.170,40.80.95.131,20.192.98.162",
            "possible_outbound_ip_address_list": [
              "20.193.231.232",
              "20.193.229.74",
              "20.198.103.253",
              "20.193.228.0",
              "52.172.239.170",
              "40.80.95.131",
              "20.198.96.142",
              "20.198.100.54",
              "20.198.99.133",
              "52.172.235.55",
              "20.198.102.110",
              "52.172.232.196",
              "52.172.238.52",
              "40.80.93.152",
              "52.172.237.65",
              "20.204.49.171",
              "20.204.55.251",
              "20.204.100.145",
              "20.204.55.42",
              "20.204.51.94",
              "20.198.101.131",
              "52.172.232.173",
              "20.204.53.213",
              "20.204.100.169",
              "52.172.237.194",
              "52.172.234.162",
              "20.193.247.20",
              "20.204.101.186",
              "20.204.102.251",
              "20.204.103.173",
              "20.192.98.162"
            ],
            "possible_outbound_ip_addresses": "20.193.231.232,20.193.229.74,20.198.103.253,20.193.228.0,52.172.239.170,40.80.95.131,20.198.96.142,20.198.100.54,20.198.99.133,52.172.235.55,20.198.102.110,52.172.232.196,52.172.238.52,40.80.93.152,52.172.237.65,20.204.49.171,20.204.55.251,20.204.100.145,20.204.55.42,20.204.51.94,20.198.101.131,52.172.232.173,20.204.53.213,20.204.100.169,52.172.237.194,52.172.234.162,20.193.247.20,20.204.101.186,20.204.102.251,20.204.103.173,20.192.98.162",
            "resource_group_name": "my_tf_rg",
            "site_config": [
              {
                "acr_use_managed_identity_credentials": false,
                "acr_user_managed_identity_client_id": "",
                "always_on": false,
                "app_command_line": "",
                "auto_swap_slot_name": "",
                "cors": [],
                "default_documents": [
                  "Default.htm",
                  "Default.html",
                  "Default.asp",
                  "index.htm",
                  "index.html",
                  "iisstart.htm",
                  "default.aspx",
                  "index.php",
                  "hostingstart.html"
                ],
                "dotnet_framework_version": "v4.0",
                "ftps_state": "AllAllowed",
                "health_check_path": "",
                "http2_enabled": false,
                "ip_restriction": [],
                "java_container": "",
                "java_container_version": "",
                "java_version": "",
                "linux_fx_version": "",
                "local_mysql_enabled": false,
                "managed_pipeline_mode": "Integrated",
                "min_tls_version": "1.2",
                "number_of_workers": 1,
                "php_version": "5.6",
                "python_version": "",
                "remote_debugging_enabled": false,
                "remote_debugging_version": "",
                "scm_ip_restriction": [],
                "scm_type": "None",
                "scm_use_main_ip_restriction": false,
                "use_32_bit_worker_process": true,
                "vnet_route_all_enabled": false,
                "websockets_enabled": false,
                "windows_fx_version": ""
              }
            ],
            "site_credential": [
              {
                "password": "cSquZmXecZqWGPAkcpSGnf61t23T7FMAL1aknFd4cpnvgDtD9ENvM5jlACcD",
                "username": "$my-tf-appservice"
              }
            ],
            "source_control": [
              {
                "branch": "master",
                "manual_integration": false,
                "repo_url": "",
                "rollback_enabled": false,
                "use_mercurial": false
              }
            ],
            "storage_account": [],
            "tags": null,
            "timeouts": null
          },
          "sensitive_attributes": [],
          "private": "eyJlMmJmYjczMC1lY2FhLTExZTYtOGY4OC0zNDM2M2JjN2M0YzAiOnsiY3JlYXRlIjoxODAwMDAwMDAwMDAwLCJkZWxldGUiOjE4MDAwMDAwMDAwMDAsInJlYWQiOjMwMDAwMDAwMDAwMCwidXBkYXRlIjoxODAwMDAwMDAwMDAwfX0=",
          "dependencies": [
            "azurerm_app_service_plan.tf_app_service_plan",
            "azurerm_resource_group.tf_rg"
          ]
        }
      ]
    },
    {
      "mode": "managed",
      "type": "azurerm_app_service_plan",
      "name": "tf_app_service_plan",
      "provider": "provider[\"registry.terraform.io/hashicorp/azurerm\"]",
      "instances": [
        {
          "schema_version": 0,
          "attributes": {
            "app_service_environment_id": "",
            "id": "/subscriptions/748eb2de-6ec3-4af2-b4d0-ec909d1934e9/resourceGroups/my_tf_rg/providers/Microsoft.Web/serverfarms/my_tf_appServicePlan",
            "is_xenon": false,
            "kind": "Windows",
            "location": "centralindia",
            "maximum_elastic_worker_count": 1,
            "maximum_number_of_workers": 10,
            "name": "my_tf_appServicePlan",
            "per_site_scaling": false,
            "reserved": false,
            "resource_group_name": "my_tf_rg",
            "sku": [
              {
                "capacity": 1,
                "size": "S1",
                "tier": "Standard"
              }
            ],
            "tags": null,
            "timeouts": null,
            "zone_redundant": false
          },
          "sensitive_attributes": [],
          "private": "eyJlMmJmYjczMC1lY2FhLTExZTYtOGY4OC0zNDM2M2JjN2M0YzAiOnsiY3JlYXRlIjozNjAwMDAwMDAwMDAwLCJkZWxldGUiOjM2MDAwMDAwMDAwMDAsInJlYWQiOjMwMDAwMDAwMDAwMCwidXBkYXRlIjozNjAwMDAwMDAwMDAwfX0=",
          "dependencies": [
            "azurerm_resource_group.tf_rg"
          ]
        }
      ]
    },
    {
      "mode": "managed",
      "type": "azurerm_resource_group",
      "name": "rg_divanshu_dev",
      "provider": "provider[\"registry.terraform.io/hashicorp/azurerm\"]",
      "instances": [
        {
          "schema_version": 0,
          "attributes": {
            "id": "/subscriptions/748eb2de-6ec3-4af2-b4d0-ec909d1934e9/resourceGroups/rg_divanshu_dev",
            "location": "centralindia",
            "name": "rg_divanshu_dev",
            "tags": null,
            "timeouts": null
          },
          "sensitive_attributes": [],
          "private": "eyJlMmJmYjczMC1lY2FhLTExZTYtOGY4OC0zNDM2M2JjN2M0YzAiOnsiY3JlYXRlIjo1NDAwMDAwMDAwMDAwLCJkZWxldGUiOjU0MDAwMDAwMDAwMDAsInJlYWQiOjMwMDAwMDAwMDAwMCwidXBkYXRlIjo1NDAwMDAwMDAwMDAwfX0="
        }
      ]
    },
    {
      "mode": "managed",
      "type": "azurerm_resource_group",
      "name": "rg_divanshu_qa",
      "provider": "provider[\"registry.terraform.io/hashicorp/azurerm\"]",
      "instances": [
        {
          "schema_version": 0,
          "attributes": {
            "id": "/subscriptions/748eb2de-6ec3-4af2-b4d0-ec909d1934e9/resourceGroups/rg_divanshu_qa",
            "location": "centralindia",
            "name": "rg_divanshu_qa",
            "tags": null,
            "timeouts": null
          },
          "sensitive_attributes": [],
          "private": "eyJlMmJmYjczMC1lY2FhLTExZTYtOGY4OC0zNDM2M2JjN2M0YzAiOnsiY3JlYXRlIjo1NDAwMDAwMDAwMDAwLCJkZWxldGUiOjU0MDAwMDAwMDAwMDAsInJlYWQiOjMwMDAwMDAwMDAwMCwidXBkYXRlIjo1NDAwMDAwMDAwMDAwfX0="
        }
      ]
    },
    {
      "mode": "managed",
      "type": "azurerm_resource_group",
      "name": "tf_rg",
      "provider": "provider[\"registry.terraform.io/hashicorp/azurerm\"]",
      "instances": [
        {
          "schema_version": 0,
          "attributes": {
            "id": "/subscriptions/748eb2de-6ec3-4af2-b4d0-ec909d1934e9/resourceGroups/my_tf_rg",
            "location": "centralindia",
            "name": "my_tf_rg",
            "tags": null,
            "timeouts": null
          },
          "sensitive_attributes": [],
          "private": "eyJlMmJmYjczMC1lY2FhLTExZTYtOGY4OC0zNDM2M2JjN2M0YzAiOnsiY3JlYXRlIjo1NDAwMDAwMDAwMDAwLCJkZWxldGUiOjU0MDAwMDAwMDAwMDAsInJlYWQiOjMwMDAwMDAwMDAwMCwidXBkYXRlIjo1NDAwMDAwMDAwMDAwfX0="
        }
      ]
    }
  ]
}
